# This is a Gradle generated file for dependency locking.
# Manual edits can break the build and are not advised.
# This file is expected to be part of source control.
ch.qos.logback:logback-classic:1.2.5=compileClasspath,implementationDependenciesMetadata,runtimeClasspath,testCompileClasspath,testImplementationDependenciesMetadata,testRuntimeClasspath
ch.qos.logback:logback-core:1.2.5=compileClasspath,implementationDependenciesMetadata,runtimeClasspath,testCompileClasspath,testImplementationDependenciesMetadata,testRuntimeClasspath
com.github.ajalt:colormath:1.2.0=testCompileClasspath,testRuntimeClasspath
com.github.ajalt:mordant:1.2.1=testCompileClasspath,testRuntimeClasspath
com.typesafe:config:1.3.1=compileClasspath,implementationDependenciesMetadata,runtimeClasspath,testCompileClasspath,testImplementationDependenciesMetadata,testRuntimeClasspath
commons-io:commons-io:2.6=testRuntimeClasspath
io.github.classgraph:classgraph:4.8.105=testCompileClasspath,testRuntimeClasspath
io.github.java-diff-utils:java-diff-utils:4.9=testRuntimeClasspath
io.kotest:kotest-assertions-api-jvm:4.6.1=testCompileClasspath,testRuntimeClasspath
io.kotest:kotest-assertions-api:4.6.1=testCompileClasspath,testImplementationDependenciesMetadata,testRuntimeClasspath
io.kotest:kotest-assertions-core-jvm:4.6.1=testCompileClasspath,testRuntimeClasspath
io.kotest:kotest-assertions-core:4.6.1=testCompileClasspath,testImplementationDependenciesMetadata,testRuntimeClasspath
io.kotest:kotest-assertions-shared-jvm:4.6.1=testCompileClasspath,testRuntimeClasspath
io.kotest:kotest-assertions-shared:4.6.1=testCompileClasspath,testImplementationDependenciesMetadata,testRuntimeClasspath
io.kotest:kotest-common-jvm:4.6.1=testCompileClasspath,testRuntimeClasspath
io.kotest:kotest-common:4.6.1=testCompileClasspath,testRuntimeClasspath
io.kotest:kotest-extensions-jvm:4.6.1=testCompileClasspath,testRuntimeClasspath
io.kotest:kotest-extensions:4.6.1=testCompileClasspath,testRuntimeClasspath
io.kotest:kotest-framework-api-jvm:4.6.1=testCompileClasspath,testRuntimeClasspath
io.kotest:kotest-framework-api:4.6.1=testCompileClasspath,testRuntimeClasspath
io.kotest:kotest-framework-concurrency-jvm:4.6.1=testCompileClasspath,testRuntimeClasspath
io.kotest:kotest-framework-concurrency:4.6.1=testCompileClasspath,testRuntimeClasspath
io.kotest:kotest-framework-discovery-jvm:4.6.1=testCompileClasspath,testRuntimeClasspath
io.kotest:kotest-framework-discovery:4.6.1=testCompileClasspath,testRuntimeClasspath
io.kotest:kotest-framework-engine-jvm:4.6.1=testCompileClasspath,testRuntimeClasspath
io.kotest:kotest-framework-engine:4.6.1=testCompileClasspath,testRuntimeClasspath
io.kotest:kotest-runner-junit5-jvm:4.6.1=testCompileClasspath,testRuntimeClasspath
io.kotest:kotest-runner-junit5:4.6.1=testCompileClasspath,testImplementationDependenciesMetadata,testRuntimeClasspath
io.ktor:ktor-client-cio-jvm:1.6.2=testCompileClasspath,testRuntimeClasspath
io.ktor:ktor-client-cio:1.6.2=testCompileClasspath,testImplementationDependenciesMetadata,testRuntimeClasspath
io.ktor:ktor-client-core-jvm:1.6.2=testCompileClasspath,testRuntimeClasspath
io.ktor:ktor-client-core:1.6.2=testCompileClasspath,testImplementationDependenciesMetadata,testRuntimeClasspath
io.ktor:ktor-client-jetty-kotlinMultiplatform:1.6.2=testCompileClasspath,testRuntimeClasspath
io.ktor:ktor-client-jetty:1.6.2=testCompileClasspath,testRuntimeClasspath
io.ktor:ktor-client-json-jvm:1.6.2=testCompileClasspath,testRuntimeClasspath
io.ktor:ktor-client-json:1.6.2=testCompileClasspath,testImplementationDependenciesMetadata,testRuntimeClasspath
io.ktor:ktor-client-serialization-jvm:1.6.2=testCompileClasspath,testRuntimeClasspath
io.ktor:ktor-client-serialization:1.6.2=testCompileClasspath,testImplementationDependenciesMetadata,testRuntimeClasspath
io.ktor:ktor-http-cio-jvm:1.6.2=compileClasspath,runtimeClasspath,testCompileClasspath,testRuntimeClasspath
io.ktor:ktor-http-cio:1.6.2=compileClasspath,runtimeClasspath,testCompileClasspath,testImplementationDependenciesMetadata,testRuntimeClasspath
io.ktor:ktor-http-jvm:1.6.2=compileClasspath,runtimeClasspath,testCompileClasspath,testRuntimeClasspath
io.ktor:ktor-http:1.6.2=compileClasspath,implementationDependenciesMetadata,runtimeClasspath,testCompileClasspath,testImplementationDependenciesMetadata,testRuntimeClasspath
io.ktor:ktor-io-jvm:1.6.2=compileClasspath,runtimeClasspath,testCompileClasspath,testRuntimeClasspath
io.ktor:ktor-io:1.6.2=compileClasspath,implementationDependenciesMetadata,runtimeClasspath,testCompileClasspath,testImplementationDependenciesMetadata,testRuntimeClasspath
io.ktor:ktor-network-jvm:1.6.2=compileClasspath,runtimeClasspath,testCompileClasspath,testRuntimeClasspath
io.ktor:ktor-network-tls-certificates-kotlinMultiplatform:1.6.2=testCompileClasspath,testRuntimeClasspath
io.ktor:ktor-network-tls-certificates:1.6.2=testCompileClasspath,testRuntimeClasspath
io.ktor:ktor-network-tls-jvm:1.6.2=testCompileClasspath,testRuntimeClasspath
io.ktor:ktor-network-tls:1.6.2=testCompileClasspath,testImplementationDependenciesMetadata,testRuntimeClasspath
io.ktor:ktor-network:1.6.2=compileClasspath,runtimeClasspath,testCompileClasspath,testImplementationDependenciesMetadata,testRuntimeClasspath
io.ktor:ktor-serialization:1.6.2=compileClasspath,implementationDependenciesMetadata,runtimeClasspath,testCompileClasspath,testImplementationDependenciesMetadata,testRuntimeClasspath
io.ktor:ktor-server-core-kotlinMultiplatform:1.6.2=compileClasspath,implementationDependenciesMetadata,runtimeClasspath,testCompileClasspath,testImplementationDependenciesMetadata,testRuntimeClasspath
io.ktor:ktor-server-core:1.6.2=compileClasspath,implementationDependenciesMetadata,runtimeClasspath,testCompileClasspath,testImplementationDependenciesMetadata,testRuntimeClasspath
io.ktor:ktor-server-host-common-kotlinMultiplatform:1.6.2=compileClasspath,implementationDependenciesMetadata,runtimeClasspath,testCompileClasspath,testImplementationDependenciesMetadata,testRuntimeClasspath
io.ktor:ktor-server-host-common:1.6.2=compileClasspath,runtimeClasspath,testCompileClasspath,testRuntimeClasspath
io.ktor:ktor-server-netty:1.6.2=compileClasspath,implementationDependenciesMetadata,runtimeClasspath,testCompileClasspath,testImplementationDependenciesMetadata,testRuntimeClasspath
io.ktor:ktor-server-test-host-kotlinMultiplatform:1.6.2=testCompileClasspath,testImplementationDependenciesMetadata,testRuntimeClasspath
io.ktor:ktor-server-test-host:1.6.2=testCompileClasspath,testRuntimeClasspath
io.ktor:ktor-server-tests:1.6.2=testCompileClasspath,testImplementationDependenciesMetadata,testRuntimeClasspath
io.ktor:ktor-utils-jvm:1.6.2=compileClasspath,runtimeClasspath,testCompileClasspath,testRuntimeClasspath
io.ktor:ktor-utils:1.6.2=compileClasspath,implementationDependenciesMetadata,runtimeClasspath,testCompileClasspath,testImplementationDependenciesMetadata,testRuntimeClasspath
io.ktor:ktor-websockets-kotlinMultiplatform:1.6.2=testCompileClasspath,testRuntimeClasspath
io.ktor:ktor-websockets:1.6.2=testCompileClasspath,testRuntimeClasspath
io.mockk:mockk-agent-api:1.12.0=testRuntimeClasspath
io.mockk:mockk-agent-common:1.12.0=testRuntimeClasspath
io.mockk:mockk-agent-jvm:1.12.0=testRuntimeClasspath
io.mockk:mockk-common:1.12.0=testCompileClasspath,testImplementationDependenciesMetadata,testRuntimeClasspath
io.mockk:mockk-dsl-jvm:1.12.0=testCompileClasspath,testImplementationDependenciesMetadata,testRuntimeClasspath
io.mockk:mockk-dsl:1.12.0=testCompileClasspath,testImplementationDependenciesMetadata,testRuntimeClasspath
io.mockk:mockk:1.12.0=testCompileClasspath,testImplementationDependenciesMetadata,testRuntimeClasspath
io.netty:netty-buffer:4.1.63.Final=compileClasspath,implementationDependenciesMetadata,runtimeClasspath,testCompileClasspath,testImplementationDependenciesMetadata,testRuntimeClasspath
io.netty:netty-codec-http2:4.1.63.Final=compileClasspath,implementationDependenciesMetadata,runtimeClasspath,testCompileClasspath,testImplementationDependenciesMetadata,testRuntimeClasspath
io.netty:netty-codec-http:4.1.63.Final=compileClasspath,implementationDependenciesMetadata,runtimeClasspath,testCompileClasspath,testImplementationDependenciesMetadata,testRuntimeClasspath
io.netty:netty-codec:4.1.63.Final=compileClasspath,implementationDependenciesMetadata,runtimeClasspath,testCompileClasspath,testImplementationDependenciesMetadata,testRuntimeClasspath
io.netty:netty-common:4.1.63.Final=compileClasspath,implementationDependenciesMetadata,runtimeClasspath,testCompileClasspath,testImplementationDependenciesMetadata,testRuntimeClasspath
io.netty:netty-handler:4.1.63.Final=compileClasspath,implementationDependenciesMetadata,runtimeClasspath,testCompileClasspath,testImplementationDependenciesMetadata,testRuntimeClasspath
io.netty:netty-resolver:4.1.63.Final=compileClasspath,implementationDependenciesMetadata,runtimeClasspath,testCompileClasspath,testImplementationDependenciesMetadata,testRuntimeClasspath
io.netty:netty-transport-native-epoll:4.1.63.Final=compileClasspath,implementationDependenciesMetadata,runtimeClasspath,testCompileClasspath,testImplementationDependenciesMetadata,testRuntimeClasspath
io.netty:netty-transport-native-kqueue:4.1.63.Final=compileClasspath,implementationDependenciesMetadata,runtimeClasspath,testCompileClasspath,testImplementationDependenciesMetadata,testRuntimeClasspath
io.netty:netty-transport-native-unix-common:4.1.63.Final=compileClasspath,implementationDependenciesMetadata,runtimeClasspath,testCompileClasspath,testImplementationDependenciesMetadata,testRuntimeClasspath
io.netty:netty-transport:4.1.63.Final=compileClasspath,implementationDependenciesMetadata,runtimeClasspath,testCompileClasspath,testImplementationDependenciesMetadata,testRuntimeClasspath
junit:junit:4.13.2=testCompileClasspath,testRuntimeClasspath
net.bytebuddy:byte-buddy-agent:1.11.5=testRuntimeClasspath
net.bytebuddy:byte-buddy:1.11.5=testRuntimeClasspath
net.java.dev.jna:jna-platform:5.5.0=testRuntimeClasspath
net.java.dev.jna:jna:5.5.0=testRuntimeClasspath
org.apiguardian:apiguardian-api:1.1.0=testCompileClasspath,testRuntimeClasspath
org.eclipse.jetty.alpn:alpn-api:1.1.3.v20160715=compileClasspath,implementationDependenciesMetadata,runtimeClasspath,testCompileClasspath,testImplementationDependenciesMetadata,testRuntimeClasspath
org.eclipse.jetty.http2:http2-client:9.4.42.v20210604=testCompileClasspath,testRuntimeClasspath
org.eclipse.jetty.http2:http2-common:9.4.42.v20210604=testCompileClasspath,testRuntimeClasspath
org.eclipse.jetty.http2:http2-hpack:9.4.42.v20210604=testCompileClasspath,testRuntimeClasspath
org.eclipse.jetty.http2:http2-http-client-transport:9.4.42.v20210604=testCompileClasspath,testRuntimeClasspath
org.eclipse.jetty:jetty-alpn-client:9.4.42.v20210604=testCompileClasspath,testRuntimeClasspath
org.eclipse.jetty:jetty-alpn-java-client:9.4.42.v20210604=testCompileClasspath,testRuntimeClasspath
org.eclipse.jetty:jetty-alpn-openjdk8-client:9.4.42.v20210604=testCompileClasspath,testRuntimeClasspath
org.eclipse.jetty:jetty-client:9.4.42.v20210604=testCompileClasspath,testRuntimeClasspath
org.eclipse.jetty:jetty-http:9.4.42.v20210604=testCompileClasspath,testRuntimeClasspath
org.eclipse.jetty:jetty-io:9.4.42.v20210604=testCompileClasspath,testRuntimeClasspath
org.eclipse.jetty:jetty-util:9.4.42.v20210604=testCompileClasspath,testRuntimeClasspath
org.hamcrest:hamcrest-core:1.3=testCompileClasspath,testRuntimeClasspath
org.jetbrains.intellij.deps:trove4j:1.0.20181211=kotlinCompilerClasspath,kotlinKlibCommonizerClasspath,testRuntimeClasspath
org.jetbrains.kotlin:kotlin-compiler-embeddable:1.5.21=kotlinCompilerClasspath,kotlinKlibCommonizerClasspath
org.jetbrains.kotlin:kotlin-daemon-client:1.5.0=testRuntimeClasspath
org.jetbrains.kotlin:kotlin-daemon-embeddable:1.5.21=kotlinCompilerClasspath,kotlinKlibCommonizerClasspath
org.jetbrains.kotlin:kotlin-gradle-plugin-api:1.5.21=kotlinCompilerPluginClasspathMain,kotlinCompilerPluginClasspathTest
org.jetbrains.kotlin:kotlin-klib-commonizer-embeddable:1.5.21=kotlinKlibCommonizerClasspath
org.jetbrains.kotlin:kotlin-native-utils:1.5.21=kotlinCompilerPluginClasspathMain,kotlinCompilerPluginClasspathTest
org.jetbrains.kotlin:kotlin-project-model:1.5.21=kotlinCompilerPluginClasspathMain,kotlinCompilerPluginClasspathTest
org.jetbrains.kotlin:kotlin-reflect:1.5.20=compileClasspath,implementationDependenciesMetadata,runtimeClasspath,testCompileClasspath,testImplementationDependenciesMetadata,testRuntimeClasspath
org.jetbrains.kotlin:kotlin-reflect:1.5.21=kotlinCompilerClasspath,kotlinKlibCommonizerClasspath
org.jetbrains.kotlin:kotlin-script-runtime:1.5.0=testCompileClasspath,testRuntimeClasspath
org.jetbrains.kotlin:kotlin-script-runtime:1.5.21=kotlinCompilerClasspath,kotlinCompilerPluginClasspathMain,kotlinCompilerPluginClasspathTest,kotlinKlibCommonizerClasspath
org.jetbrains.kotlin:kotlin-script-util:1.5.0=testRuntimeClasspath
org.jetbrains.kotlin:kotlin-scripting-common:1.5.0=testRuntimeClasspath
org.jetbrains.kotlin:kotlin-scripting-common:1.5.21=kotlinCompilerPluginClasspathMain,kotlinCompilerPluginClasspathTest
org.jetbrains.kotlin:kotlin-scripting-compiler-embeddable:1.5.21=kotlinCompilerPluginClasspathMain,kotlinCompilerPluginClasspathTest
org.jetbrains.kotlin:kotlin-scripting-compiler-impl-embeddable:1.5.21=kotlinCompilerPluginClasspathMain,kotlinCompilerPluginClasspathTest
org.jetbrains.kotlin:kotlin-scripting-jvm:1.5.0=testRuntimeClasspath
org.jetbrains.kotlin:kotlin-scripting-jvm:1.5.21=kotlinCompilerPluginClasspathMain,kotlinCompilerPluginClasspathTest
org.jetbrains.kotlin:kotlin-serialization:1.5.21=kotlinCompilerPluginClasspathMain,kotlinCompilerPluginClasspathTest
org.jetbrains.kotlin:kotlin-stdlib-common:1.5.21=apiDependenciesMetadata,compileClasspath,implementationDependenciesMetadata,kotlinCompilerClasspath,kotlinCompilerPluginClasspathMain,kotlinCompilerPluginClasspathTest,kotlinKlibCommonizerClasspath,runtimeClasspath,testCompileClasspath,testImplementationDependenciesMetadata,testRuntimeClasspath
org.jetbrains.kotlin:kotlin-stdlib-jdk7:1.5.21=apiDependenciesMetadata,compileClasspath,implementationDependenciesMetadata,runtimeClasspath,testCompileClasspath,testImplementationDependenciesMetadata,testRuntimeClasspath
org.jetbrains.kotlin:kotlin-stdlib-jdk8:1.5.21=apiDependenciesMetadata,compileClasspath,implementationDependenciesMetadata,runtimeClasspath,testCompileClasspath,testImplementationDependenciesMetadata,testRuntimeClasspath
org.jetbrains.kotlin:kotlin-stdlib:1.5.21=apiDependenciesMetadata,compileClasspath,implementationDependenciesMetadata,kotlinCompilerClasspath,kotlinCompilerPluginClasspathMain,kotlinCompilerPluginClasspathTest,kotlinKlibCommonizerClasspath,runtimeClasspath,testCompileClasspath,testImplementationDependenciesMetadata,testRuntimeClasspath
org.jetbrains.kotlin:kotlin-test-annotations-common:1.5.21=testImplementationDependenciesMetadata
org.jetbrains.kotlin:kotlin-test-common:1.5.21=testImplementationDependenciesMetadata
org.jetbrains.kotlin:kotlin-test:1.5.21=testCompileClasspath,testImplementationDependenciesMetadata,testRuntimeClasspath
org.jetbrains.kotlin:kotlin-util-io:1.5.21=kotlinCompilerPluginClasspathMain,kotlinCompilerPluginClasspathTest
org.jetbrains.kotlinx:kotlinx-coroutines-core-jvm:1.5.0=testCompileClasspath,testRuntimeClasspath
org.jetbrains.kotlinx:kotlinx-coroutines-core-jvm:1.5.0-native-mt=compileClasspath,runtimeClasspath
org.jetbrains.kotlinx:kotlinx-coroutines-core:1.3.8=kotlinCompilerPluginClasspathMain,kotlinCompilerPluginClasspathTest
org.jetbrains.kotlinx:kotlinx-coroutines-core:1.5.0=testRuntimeClasspath
org.jetbrains.kotlinx:kotlinx-coroutines-core:1.5.0-native-mt=compileClasspath,implementationDependenciesMetadata,runtimeClasspath,testCompileClasspath,testImplementationDependenciesMetadata
org.jetbrains.kotlinx:kotlinx-coroutines-debug:1.5.0-native-mt=testRuntimeClasspath
org.jetbrains.kotlinx:kotlinx-coroutines-jdk8:1.5.0=testRuntimeClasspath
org.jetbrains.kotlinx:kotlinx-coroutines-jdk8:1.5.0-native-mt=compileClasspath,implementationDependenciesMetadata,runtimeClasspath,testCompileClasspath,testImplementationDependenciesMetadata
org.jetbrains.kotlinx:kotlinx-serialization-core-jvm:1.2.2=compileClasspath,runtimeClasspath,testCompileClasspath,testRuntimeClasspath
org.jetbrains.kotlinx:kotlinx-serialization-core:1.2.2=compileClasspath,implementationDependenciesMetadata,runtimeClasspath,testCompileClasspath,testImplementationDependenciesMetadata,testRuntimeClasspath
org.jetbrains.kotlinx:kotlinx-serialization-json-jvm:1.2.2=compileClasspath,runtimeClasspath,testCompileClasspath,testRuntimeClasspath
org.jetbrains.kotlinx:kotlinx-serialization-json:1.2.2=compileClasspath,implementationDependenciesMetadata,runtimeClasspath,testCompileClasspath,testImplementationDependenciesMetadata,testRuntimeClasspath
org.jetbrains:annotations:13.0=apiDependenciesMetadata,compileClasspath,implementationDependenciesMetadata,kotlinCompilerClasspath,kotlinCompilerPluginClasspathMain,kotlinCompilerPluginClasspathTest,kotlinKlibCommonizerClasspath,runtimeClasspath,testCompileClasspath,testImplementationDependenciesMetadata,testRuntimeClasspath
org.junit.jupiter:junit-jupiter-api:5.6.2=testCompileClasspath,testRuntimeClasspath
org.junit.platform:junit-platform-commons:1.6.2=testCompileClasspath,testRuntimeClasspath
org.junit.platform:junit-platform-engine:1.6.2=testCompileClasspath,testRuntimeClasspath
org.junit.platform:junit-platform-launcher:1.6.2=testCompileClasspath,testRuntimeClasspath
org.junit.platform:junit-platform-suite-api:1.6.2=testCompileClasspath,testRuntimeClasspath
org.junit:junit-bom:5.6.2=testCompileClasspath,testRuntimeClasspath
org.objenesis:objenesis:3.1=testRuntimeClasspath
org.opentest4j:opentest4j:1.2.0=testCompileClasspath,testRuntimeClasspath
org.slf4j:slf4j-api:1.7.31=compileClasspath,implementationDependenciesMetadata,runtimeClasspath,testCompileClasspath,testImplementationDependenciesMetadata,testRuntimeClasspath
empty=annotationProcessor,compileOnly,compileOnlyDependenciesMetadata,intransitiveDependenciesMetadata,kotlinCompilerPluginClasspath,kotlinNativeCompilerPluginClasspath,kotlinScriptDef,kotlinScriptDefExtensions,runtimeOnlyDependenciesMetadata,shadow,testAnnotationProcessor,testApiDependenciesMetadata,testCompileOnly,testCompileOnlyDependenciesMetadata,testIntransitiveDependenciesMetadata,testKotlinScriptDef,testKotlinScriptDefExtensions,testRuntimeOnlyDependenciesMetadata
